<?xml version="1.0" encoding="utf-8"?>
<Project ToolsVersion="4.0" xmlns="http://schemas.microsoft.com/developer/msbuild/2003">
  <ItemGroup>
    <ClCompile Include="Source\Log.cpp">
      <Filter>Source\Utils</Filter>
    </ClCompile>
    <ClCompile Include="Source\External\PugiXml\src\pugixml.cpp">
      <Filter>External\PugiXml</Filter>
    </ClCompile>
    <ClCompile Include="Source\EntityManager.cpp">
      <Filter>Source\Cpp files</Filter>
    </ClCompile>
    <ClCompile Include="Source\Player.cpp">
      <Filter>Source\Cpp files</Filter>
    </ClCompile>
    <ClCompile Include="Source\Main.cpp">
      <Filter>Source\Cpp files</Filter>
    </ClCompile>
    <ClCompile Include="Source\Input.cpp">
      <Filter>Source\Cpp files</Filter>
    </ClCompile>
    <ClCompile Include="Source\Audio.cpp">
      <Filter>Source\Cpp files</Filter>
    </ClCompile>
    <ClCompile Include="Source\App.cpp">
      <Filter>Source\Cpp files</Filter>
    </ClCompile>
    <ClCompile Include="Source\Physics.cpp">
      <Filter>Source\Cpp files</Filter>
    </ClCompile>
    <ClCompile Include="Source\Map.cpp">
      <Filter>Source\Cpp files</Filter>
    </ClCompile>
    <ClCompile Include="Source\Render.cpp">
      <Filter>Source\Cpp files</Filter>
    </ClCompile>
    <ClCompile Include="Source\Textures.cpp">
      <Filter>Source\Cpp files</Filter>
    </ClCompile>
    <ClCompile Include="Source\Window.cpp">
      <Filter>Source\Cpp files</Filter>
    </ClCompile>
    <ClCompile Include="Source\Scene.cpp">
      <Filter>Source\Cpp files</Filter>
    </ClCompile>
    <ClCompile Include="Source\Goomba.cpp">
      <Filter>Source\Cpp files</Filter>
    </ClCompile>
    <ClCompile Include="Source\Perftimer.cpp">
      <Filter>Source\Utils</Filter>
    </ClCompile>
    <ClCompile Include="Source\Timer.cpp">
      <Filter>Source\Utils</Filter>
    </ClCompile>
    <ClCompile Include="Source\Bullet.cpp">
      <Filter>Source\Cpp files</Filter>
    </ClCompile>
    <ClCompile Include="Source\Coin.cpp">
      <Filter>Source\Cpp files</Filter>
    </ClCompile>
    <ClCompile Include="Source\CheckPoint.cpp">
      <Filter>Source\Cpp files</Filter>
    </ClCompile>
  </ItemGroup>
  <ItemGroup>
    <ClInclude Include="Source\Defs.h">
      <Filter>Source\Utils</Filter>
    </ClInclude>
    <ClInclude Include="Source\DynArray.h">
      <Filter>Source\Utils</Filter>
    </ClInclude>
    <ClInclude Include="Source\List.h">
      <Filter>Source\Utils</Filter>
    </ClInclude>
    <ClInclude Include="Source\Log.h">
      <Filter>Source\Utils</Filter>
    </ClInclude>
    <ClInclude Include="Source\Point.h">
      <Filter>Source\Utils</Filter>
    </ClInclude>
    <ClInclude Include="Source\SString.h">
      <Filter>Source\Utils</Filter>
    </ClInclude>
    <ClInclude Include="Source\External\PugiXml\src\pugiconfig.hpp">
      <Filter>External\PugiXml</Filter>
    </ClInclude>
    <ClInclude Include="Source\External\PugiXml\src\pugixml.hpp">
      <Filter>External\PugiXml</Filter>
    </ClInclude>
    <ClInclude Include="Source\Queue.h">
      <Filter>Source\Utils</Filter>
    </ClInclude>
    <ClInclude Include="Source\Audio.h">
      <Filter>Source\Header files</Filter>
    </ClInclude>
    <ClInclude Include="Source\Physics.h">
      <Filter>Source\Header files</Filter>
    </ClInclude>
    <ClInclude Include="Source\Window.h">
      <Filter>Source\Header files</Filter>
    </ClInclude>
    <ClInclude Include="Source\Map.h">
      <Filter>Source\Header files</Filter>
    </ClInclude>
    <ClInclude Include="Source\Module.h">
      <Filter>Source\Header files</Filter>
    </ClInclude>
    <ClInclude Include="Source\Render.h">
      <Filter>Source\Header files</Filter>
    </ClInclude>
    <ClInclude Include="Source\Textures.h">
      <Filter>Source\Header files</Filter>
    </ClInclude>
    <ClInclude Include="Source\Input.h">
      <Filter>Source\Header files</Filter>
    </ClInclude>
    <ClInclude Include="Source\Entity.h">
      <Filter>Source\Header files</Filter>
    </ClInclude>
    <ClInclude Include="Source\EntityManager.h">
      <Filter>Source\Header files</Filter>
    </ClInclude>
    <ClInclude Include="Source\Item.h">
      <Filter>Source\Header files</Filter>
    </ClInclude>
    <ClInclude Include="Source\Player.h">
      <Filter>Source\Header files</Filter>
    </ClInclude>
    <ClInclude Include="Source\App.h">
      <Filter>Source\Header files</Filter>
    </ClInclude>
    <ClInclude Include="Source\Scene.h">
      <Filter>Source\Header files</Filter>
    </ClInclude>
    <ClInclude Include="Source\Enemy.h">
      <Filter>Source\Header files</Filter>
    </ClInclude>
    <ClInclude Include="Source\Pathfinding.h">
      <Filter>Source\Header files</Filter>
    </ClInclude>
    <ClInclude Include="Source\Goomba.h">
      <Filter>Source\Header files</Filter>
    </ClInclude>
    <ClInclude Include="Source\Animation.h">
      <Filter>Source\Header files</Filter>
    </ClInclude>
    <ClInclude Include="Source\Perftimer.h">
      <Filter>Source\Utils</Filter>
    </ClInclude>
    <ClInclude Include="Source\Timer.h">
      <Filter>Source\Utils</Filter>
    </ClInclude>
    <ClInclude Include="Source\Bullet.h">
      <Filter>Source\Header files</Filter>
    </ClInclude>
    <ClInclude Include="Source\Coin.h">
      <Filter>Source\Header files</Filter>
    </ClInclude>
    <ClInclude Include="Source\CheckPoint.h">
      <Filter>Source\Header files</Filter>
    </ClInclude>
  </ItemGroup>
  <ItemGroup>
    <Filter Include="External">
      <UniqueIdentifier>{83a966c7-b4bb-4eff-9c2c-3ff3c7b55a60}</UniqueIdentifier>
    </Filter>
    <Filter Include="External\PugiXml">
      <UniqueIdentifier>{2855ff7f-53a1-413d-a75b-18b4ade921dd}</UniqueIdentifier>
    </Filter>
    <Filter Include="Source">
      <UniqueIdentifier>{d9df3cc3-3185-4bd6-83f1-8b4afec7fc50}</UniqueIdentifier>
    </Filter>
    <Filter Include="Source\Cpp files">
      <UniqueIdentifier>{5498a142-becd-4f6f-8aae-00fb12bcb612}</UniqueIdentifier>
    </Filter>
    <Filter Include="Source\Header files">
      <UniqueIdentifier>{cd57f4e2-7c7a-4050-906e-1efc2571e560}</UniqueIdentifier>
    </Filter>
    <Filter Include="Source\Utils">
      <UniqueIdentifier>{2cad778a-d356-48b0-9fee-587f1bbb187e}</UniqueIdentifier>
    </Filter>
  </ItemGroup>
  <ItemGroup>
    <Xml Include="save_game.xml">
      <Filter>External\PugiXml</Filter>
    </Xml>
    <Xml Include="Source\config.xml">
      <Filter>External\PugiXml</Filter>
    </Xml>
  </ItemGroup>
</Project>