<?xml version="1.0" encoding="utf-8"?>
<Project ToolsVersion="4.0" xmlns="http://schemas.microsoft.com/developer/msbuild/2003">
  <ItemGroup>
    <ClCompile Include="Source\Log.cpp">
      <Filter>Source\Utils</Filter>
    </ClCompile>
    <ClCompile Include="Source\External\PugiXml\src\pugixml.cpp">
      <Filter>External</Filter>
    </ClCompile>
    <ClCompile Include="Source\Perftimer .cpp">
      <Filter>Source\Utils</Filter>
    </ClCompile>
    <ClCompile Include="Source\Timer.cpp">
      <Filter>Source\Utils</Filter>
    </ClCompile>
    <ClCompile Include="Source\Player.cpp">
      <Filter>Source\Cpp</Filter>
    </ClCompile>
    <ClCompile Include="Source\Scene2.cpp">
      <Filter>Source\Cpp</Filter>
    </ClCompile>
    <ClCompile Include="Source\Scene.cpp">
      <Filter>Source\Cpp</Filter>
    </ClCompile>
    <ClCompile Include="Source\Intro.cpp">
      <Filter>Source\Cpp</Filter>
    </ClCompile>
    <ClCompile Include="Source\Death.cpp">
      <Filter>Source\Cpp</Filter>
    </ClCompile>
    <ClCompile Include="Source\Collectables.cpp">
      <Filter>Source\Cpp</Filter>
    </ClCompile>
    <ClCompile Include="Source\CheckPoint.cpp">
      <Filter>Source\Cpp</Filter>
    </ClCompile>
    <ClCompile Include="Source\Goomba.cpp">
      <Filter>Source\Cpp</Filter>
    </ClCompile>
    <ClCompile Include="Source\Enemies.cpp">
      <Filter>Source\Cpp</Filter>
    </ClCompile>
    <ClCompile Include="Source\Bullet.cpp">
      <Filter>Source\Cpp</Filter>
    </ClCompile>
    <ClCompile Include="Source\Audio.cpp">
      <Filter>Source\Cpp</Filter>
    </ClCompile>
    <ClCompile Include="Source\FadeToBlack.cpp">
      <Filter>Source\Cpp</Filter>
    </ClCompile>
    <ClCompile Include="Source\Fonts.cpp">
      <Filter>Source\Cpp</Filter>
    </ClCompile>
    <ClCompile Include="Source\Input.cpp">
      <Filter>Source\Cpp</Filter>
    </ClCompile>
    <ClCompile Include="Source\Map.cpp">
      <Filter>Source\Cpp</Filter>
    </ClCompile>
    <ClCompile Include="Source\Pathfinding.cpp">
      <Filter>Source\Cpp</Filter>
    </ClCompile>
    <ClCompile Include="Source\Physics.cpp">
      <Filter>Source\Cpp</Filter>
    </ClCompile>
    <ClCompile Include="Source\Render.cpp">
      <Filter>Source\Cpp</Filter>
    </ClCompile>
    <ClCompile Include="Source\Textures.cpp">
      <Filter>Source\Cpp</Filter>
    </ClCompile>
    <ClCompile Include="Source\UI.cpp">
      <Filter>Source\Cpp</Filter>
    </ClCompile>
    <ClCompile Include="Source\Window.cpp">
      <Filter>Source\Cpp</Filter>
    </ClCompile>
    <ClCompile Include="Source\App.cpp">
      <Filter>Source\Cpp</Filter>
    </ClCompile>
    <ClCompile Include="Source\Main.cpp">
      <Filter>Source\Cpp</Filter>
    </ClCompile>
    <ClCompile Include="Source\Enemy.cpp">
      <Filter>Source\Cpp</Filter>
    </ClCompile>
    <ClCompile Include="Source\GuiButton.cpp">
      <Filter>Source\Cpp</Filter>
    </ClCompile>
    <ClCompile Include="Source\GuiCheck.cpp">
      <Filter>Source\Cpp</Filter>
    </ClCompile>
    <ClCompile Include="Source\GuiManager.cpp">
      <Filter>Source\Cpp</Filter>
    </ClCompile>
    <ClCompile Include="Source\GuiSlidder.cpp">
      <Filter>Source\Cpp</Filter>
    </ClCompile>
  </ItemGroup>
  <ItemGroup>
    <ClInclude Include="Source\Animation.h">
      <Filter>Source\Utils</Filter>
    </ClInclude>
    <ClInclude Include="Source\Defs.h">
      <Filter>Source\Utils</Filter>
    </ClInclude>
    <ClInclude Include="Source\DynArray.h">
      <Filter>Source\Utils</Filter>
    </ClInclude>
    <ClInclude Include="Source\List.h">
      <Filter>Source\Utils</Filter>
    </ClInclude>
    <ClInclude Include="Source\Log.h">
      <Filter>Source\Utils</Filter>
    </ClInclude>
    <ClInclude Include="Source\Point.h">
      <Filter>Source\Utils</Filter>
    </ClInclude>
    <ClInclude Include="Source\External\PugiXml\src\pugiconfig.hpp">
      <Filter>External</Filter>
    </ClInclude>
    <ClInclude Include="Source\External\PugiXml\src\pugixml.hpp">
      <Filter>External</Filter>
    </ClInclude>
    <ClInclude Include="Source\SString.h">
      <Filter>Source\Utils</Filter>
    </ClInclude>
    <ClInclude Include="Source\Timer.h">
      <Filter>Source\Utils</Filter>
    </ClInclude>
    <ClInclude Include="Source\Perftimer.h">
      <Filter>Source\Utils</Filter>
    </ClInclude>
    <ClInclude Include="Source\Module.h">
      <Filter>Source\Headers</Filter>
    </ClInclude>
    <ClInclude Include="Source\Player.h">
      <Filter>Source\Headers</Filter>
    </ClInclude>
    <ClInclude Include="Source\Scene2.h">
      <Filter>Source\Headers</Filter>
    </ClInclude>
    <ClInclude Include="Source\Scene.h">
      <Filter>Source\Headers</Filter>
    </ClInclude>
    <ClInclude Include="Source\Intro.h">
      <Filter>Source\Headers</Filter>
    </ClInclude>
    <ClInclude Include="Source\Death.h">
      <Filter>Source\Headers</Filter>
    </ClInclude>
    <ClInclude Include="Source\Collectables.h">
      <Filter>Source\Headers</Filter>
    </ClInclude>
    <ClInclude Include="Source\CheckPoint.h">
      <Filter>Source\Headers</Filter>
    </ClInclude>
    <ClInclude Include="Source\Goomba.h">
      <Filter>Source\Headers</Filter>
    </ClInclude>
    <ClInclude Include="Source\Enemy.h">
      <Filter>Source\Headers</Filter>
    </ClInclude>
    <ClInclude Include="Source\Enemies.h">
      <Filter>Source\Headers</Filter>
    </ClInclude>
    <ClInclude Include="Source\Bullet.h">
      <Filter>Source\Headers</Filter>
    </ClInclude>
    <ClInclude Include="Source\Window.h">
      <Filter>Source\Headers</Filter>
    </ClInclude>
    <ClInclude Include="Source\Audio.h">
      <Filter>Source\Headers</Filter>
    </ClInclude>
    <ClInclude Include="Source\FadeToBlack.h">
      <Filter>Source\Headers</Filter>
    </ClInclude>
    <ClInclude Include="Source\Fonts.h">
      <Filter>Source\Headers</Filter>
    </ClInclude>
    <ClInclude Include="Source\Input.h">
      <Filter>Source\Headers</Filter>
    </ClInclude>
    <ClInclude Include="Source\Map.h">
      <Filter>Source\Headers</Filter>
    </ClInclude>
    <ClInclude Include="Source\Pathfinding.h">
      <Filter>Source\Headers</Filter>
    </ClInclude>
    <ClInclude Include="Source\Physics.h">
      <Filter>Source\Headers</Filter>
    </ClInclude>
    <ClInclude Include="Source\Render.h">
      <Filter>Source\Headers</Filter>
    </ClInclude>
    <ClInclude Include="Source\Textures.h">
      <Filter>Source\Headers</Filter>
    </ClInclude>
    <ClInclude Include="Source\UI.h">
      <Filter>Source\Headers</Filter>
    </ClInclude>
    <ClInclude Include="Source\App.h">
      <Filter>Source\Headers</Filter>
    </ClInclude>
    <ClInclude Include="Source\GuiButton.h">
      <Filter>Source\Headers</Filter>
    </ClInclude>
    <ClInclude Include="Source\GuiCheck.h">
      <Filter>Source\Headers</Filter>
    </ClInclude>
    <ClInclude Include="Source\GUIControl.h">
      <Filter>Source\Headers</Filter>
    </ClInclude>
    <ClInclude Include="Source\GuiManager.h">
      <Filter>Source\Headers</Filter>
    </ClInclude>
    <ClInclude Include="Source\GuiSlidder.h">
      <Filter>Source\Headers</Filter>
    </ClInclude>
  </ItemGroup>
  <ItemGroup>
    <Xml Include="..\Output\config.xml">
      <Filter>External</Filter>
    </Xml>
    <Xml Include="..\Output\save_game.xml">
      <Filter>External</Filter>
    </Xml>
  </ItemGroup>
  <ItemGroup>
    <Filter Include="Source">
      <UniqueIdentifier>{802bb7d5-2e79-4249-a1a8-426e97888f3f}</UniqueIdentifier>
    </Filter>
    <Filter Include="Source\Utils">
      <UniqueIdentifier>{da43897b-9f00-4ffa-89dd-cdc0d67c1089}</UniqueIdentifier>
    </Filter>
    <Filter Include="External">
      <UniqueIdentifier>{ca02deac-1edc-4896-a369-f4889d57fe06}</UniqueIdentifier>
    </Filter>
    <Filter Include="Source\Headers">
      <UniqueIdentifier>{aa4b066e-d64b-4757-a3af-3cda582435db}</UniqueIdentifier>
    </Filter>
    <Filter Include="Source\Cpp">
      <UniqueIdentifier>{7d9fcc2a-8f98-4f3f-afdd-489baea270ee}</UniqueIdentifier>
    </Filter>
  </ItemGroup>
</Project>